github.com/fatih/color v1.7.0 h1:DkWD4oS2D8LGGgTQ6IvwJJXSL5Vp2ffcQg58nFV38Ys=
github.com/fatih/color v1.7.0/go.mod h1:Zm6kSWBoL9eyXnKyktHP6abPY2pDugNf5KwzbycvMj4=
github.com/mattn/go-colorable v0.0.9 h1:UVL0vNpWh04HeJXV0KLcaT7r06gOH2l4OW6ddYRUIY4=
github.com/mattn/go-colorable v0.0.9/go.mod h1:9vuHe8Xs5qXnSaW/c/ABM9alt+Vo+STaOChaDxuIBZU=
github.com/mattn/go-isatty v0.0.4 h1:bnP0vzxcAdeI1zdubAl5PjU6zsERjGZb7raWodagDYs=
github.com/mattn/go-isatty v0.0.4/go.mod h1:M+lRXTBqGeGNdLjl/ufCoiOlB5xdOkqRJdNxMWT7Zi4=
github.com/pkg/errors v0.0.0-20170910134614-2b3a18b5f0fb h1:jqgy5xL4OiYfjh8g+suiKXNwSJnf+a/HjO5XKaLOR+c=
github.com/pkg/errors v0.0.0-20170910134614-2b3a18b5f0fb/go.mod h1:bwawxfHBFNV+L2hUp1rHADufV3IMtnDRdf1r5NINEl0=
github.com/segmentio/conf v0.0.0-20170612230246-5d701c9ec529 h1:zoi1x3Q4/F9vmmoULTZTFYvUq4LORmllo8DoZ0Qc/Og=
github.com/segmentio/conf v0.0.0-20170612230246-5d701c9ec529/go.mod h1:y0VyxYAlU2slxCjm7XX7tGKFlN39bwHCZrbOpCcLsr8=
github.com/segmentio/consul-go v0.0.0-20170912072050-42ff3637e5db h1:M9I3iJw5iYtFBtHIwvM6XBz37iMspid97uROcgvM9z8=
github.com/segmentio/consul-go v0.0.0-20170912072050-42ff3637e5db/go.mod h1:GWqKnaNTz1/4Bmvnrw6iGv2eAmLgQf6bSasrCHopKL0=
github.com/segmentio/events v2.0.1+incompatible h1:5Cdtdv9FX2XWmf+CQVWyEuAJ+pEi4Ec8AkT8wCYurfQ=
github.com/segmentio/events v2.0.1+incompatible/go.mod h1:npQUbmKYO33tlRpaQNZjgD2mXv0fb2hbOH0CNVs6g2Y=
github.com/segmentio/objconv v0.0.0-20170810202704-5dca7cbec799 h1:xJJ7H+BnUgX9mw+wrxcSdhPgCgscB4GXqeb8RwIS0tE=
github.com/segmentio/objconv v0.0.0-20170810202704-5dca7cbec799/go.mod h1:l6IU9rGW/wpM+MUyfJLDCoJ+XXAv6wbpkqej46ESQ6g=
github.com/segmentio/stats v0.0.0-20170908015358-6da51b6c447b h1:bGOLkFoKVeCPgAhLCbiGvAjsx7CbxgjD/orzbq+6fg4=
github.com/segmentio/stats v0.0.0-20170908015358-6da51b6c447b/go.mod h1:ZkGKMkt6GVRIsV5Biy4HotVqonMWEsr+uMtOD2NBDeU=
github.com/uber/go-torch v0.0.0-20170825044957-ddbe52cdc30e h1:tDAQndJJR2oBQJuxkIhCTf4aERHCDRc1yovxprJOlN4=
github.com/uber/go-torch v0.0.0-20170825044957-ddbe52cdc30e/go.mod h1:uuMPbyv6WJykZcarrIuJiTjfSGC997/jnfHyyeeG2Jo=
golang.org/x/net v0.0.0-20170828231752-66aacef3dd8a h1:DZGc/od29xzgmdBTGZL3zqLaoHS0O+qdIEYJNkOxDKM=
golang.org/x/net v0.0.0-20170828231752-66aacef3dd8a/go.mod h1:mL1N/T3taQHkDXs73rZJwtUhF3w3ftmwwsq0BUmARs4=
gopkg.in/validator.v2 v2.0.0-20170814132753-460c83432a98 h1:QLe0XLNdJd1xb0trLuWBM9ysdjdi6/uXU4Oypbh72m8=
gopkg.in/validator.v2 v2.0.0-20170814132753-460c83432a98/go.mod h1:o4V0GXN9/CAmCsvJ0oXYZvrZOe7syiDZSN1GWGZTGzc=
gopkg.in/yaml.v2 v2.0.0-20170812160011-eb3733d160e7 h1:+t9dhfO+GNOIGJof6kPOAenx7YgrZMTdRPV+EsnPabk=
gopkg.in/yaml.v2 v2.0.0-20170812160011-eb3733d160e7/go.mod h1:JAlM8MvJe8wmxCU4Bli9HhUf9+ttbYbLASfIpnQbh74=
